
Microsoft Visual Studio Solution File, Format Version 12.00
# Visual Studio 14
VisualStudioVersion = 14.0.23107.0
MinimumVisualStudioVersion = 10.0.40219.1
Project("{FAE04EC0-301F-11D3-BF4B-00C04F79EFBC}") = "Verschlüsseln", "Verschlüsseln\Verschlüsseln.csproj", "{BB802832-0A0D-44A4-8582-7CA42BB365E1}"
EndProject
Global
	GlobalSection(SolutionConfigurationPlatforms) = preSolution
		Debug|Any CPU = Debug|Any CPU
		Release|Any CPU = Release|Any CPU
	EndGlobalSection
	GlobalSection(ProjectConfigurationPlatforms) = postSolution
		{BB802832-0A0D-44A4-8582-7CA42BB365E1}.Debug|Any CPU.ActiveCfg = Debug|Any CPU
		{BB802832-0A0D-44A4-8582-7CA42BB365E1}.Debug|Any CPU.Build.0 = Debug|Any CPU
		{BB802832-0A0D-44A4-8582-7CA42BB365E1}.Release|Any CPU.ActiveCfg = Release|Any CPU
		{BB802832-0A0D-44A4-8582-7CA42BB365E1}.Release|Any CPU.Build.0 = Release|Any CPU
	EndGlobalSection
	GlobalSection(SolutionProperties) = preSolution
		HideSolutionNode = FALSE
	EndGlobalSection
EndGlobal
